{
  "name": "@mintlayer/sdk",
  "version": "1.0.9",
  "lockfileVersion": 3,
  "requires": true,
  "packages": {
    "": {
      "name": "@mintlayer/sdk",
      "version": "1.0.9",
      "license": "ISC",
      "dependencies": {
        "@mintlayer/wasm-lib": "^0.1.0"
      }
    },
    "node_modules/@mintlayer/wasm-lib": {
      "version": "0.1.0",
      "resolved": "https://registry.npmjs.org/@mintlayer/wasm-lib/-/wasm-lib-0.1.0.tgz",
      "integrity": "sha512-XDcOHtTl6BZi3kmUCTvclIkLEujWuvck2wDd9ixifFHHYicAZFKzUcuKLUyo6Rah7+TZ1/iwMFEfY9GrvLN8+Q=="
    }
  }
}
